
Microsoft Visual Studio Solution File, Format Version 12.00
# Visual Studio Version 17
VisualStudioVersion = 17.11.35327.3
MinimumVisualStudioVersion = 10.0.40219.1
Project("{FAE04EC0-301F-11D3-BF4B-00C04F79EFBC}") = "CarSearchApp", "CarSearchApp.csproj", "{E5BFD160-B1A3-4FC2-984E-E10D41A8730B}"
EndProject
Project("{FAE04EC0-301F-11D3-BF4B-00C04F79EFBC}") = "CarSearchApp.Tests", "..\CarSearchApp.Tests\CarSearchApp.Tests.csproj", "{C5EDD3AB-0EB4-4DB9-93D9-707263F65CA9}"
EndProject
Global
	GlobalSection(SolutionConfigurationPlatforms) = preSolution
		Debug|Any CPU = Debug|Any CPU
		Release|Any CPU = Release|Any CPU
	EndGlobalSection
	GlobalSection(ProjectConfigurationPlatforms) = postSolution
		{E5BFD160-B1A3-4FC2-984E-E10D41A8730B}.Debug|Any CPU.ActiveCfg = Debug|Any CPU
		{E5BFD160-B1A3-4FC2-984E-E10D41A8730B}.Debug|Any CPU.Build.0 = Debug|Any CPU
		{E5BFD160-B1A3-4FC2-984E-E10D41A8730B}.Release|Any CPU.ActiveCfg = Release|Any CPU
		{E5BFD160-B1A3-4FC2-984E-E10D41A8730B}.Release|Any CPU.Build.0 = Release|Any CPU
		{C5EDD3AB-0EB4-4DB9-93D9-707263F65CA9}.Debug|Any CPU.ActiveCfg = Debug|Any CPU
		{C5EDD3AB-0EB4-4DB9-93D9-707263F65CA9}.Debug|Any CPU.Build.0 = Debug|Any CPU
		{C5EDD3AB-0EB4-4DB9-93D9-707263F65CA9}.Release|Any CPU.ActiveCfg = Release|Any CPU
		{C5EDD3AB-0EB4-4DB9-93D9-707263F65CA9}.Release|Any CPU.Build.0 = Release|Any CPU
	EndGlobalSection
	GlobalSection(SolutionProperties) = preSolution
		HideSolutionNode = FALSE
	EndGlobalSection
	GlobalSection(ExtensibilityGlobals) = postSolution
		SolutionGuid = {9E5136F1-084B-46DA-A84E-073D1EBEA42C}
	EndGlobalSection
EndGlobal
